
Microsoft Visual Studio Solution File, Format Version 12.00
# Visual Studio Version 17
VisualStudioVersion = 17.1.32328.378
MinimumVisualStudioVersion = 10.0.40219.1
Project("{9A19103F-16F7-4668-BE54-9A1E7A4F7556}") = "BankMock.Core", "BankMock.Core\BankMock.Core.csproj", "{2F767CB4-9BAC-4489-AB7C-FFD39ED082CF}"
EndProject
Project("{9A19103F-16F7-4668-BE54-9A1E7A4F7556}") = "BankMock.Core.Tests", "BankMock.Core.Tests\BankMock.Core.Tests.csproj", "{A6C2CB51-E8BC-441D-BE36-B54A73629A81}"
EndProject
Project("{FAE04EC0-301F-11D3-BF4B-00C04F79EFBC}") = "BankMock.Identity.Core", "BankMock.Identity.Core\BankMock.Identity.Core.csproj", "{AB713129-0713-4E7E-8046-2177BF9775B7}"
EndProject
Project("{FAE04EC0-301F-11D3-BF4B-00C04F79EFBC}") = "BankMock.Identity.Core.Tests", "BankMock.Identity.Core.Tests\BankMock.Identity.Core.Tests.csproj", "{B6911F87-9F27-4250-9090-AD71618CD183}"
EndProject
Project("{FAE04EC0-301F-11D3-BF4B-00C04F79EFBC}") = "BankMock.BankAccounts.Core", "BankMock.BankAccounts.Core\BankMock.BankAccounts.Core.csproj", "{31F9251C-94D9-4E51-88FC-D7F4F87B8816}"
EndProject
Project("{FAE04EC0-301F-11D3-BF4B-00C04F79EFBC}") = "BankMock.BankAccounts.Core.Tests", "BankMock.BankAccounts.Core.Tests\BankMock.BankAccounts.Core.Tests.csproj", "{2D0E7EEA-77F0-46F6-A929-995A923A02CF}"
EndProject
Project("{FAE04EC0-301F-11D3-BF4B-00C04F79EFBC}") = "BankMock.Transactions.Core", "BankMock.Transactions.Core\BankMock.Transactions.Core.csproj", "{89E6DEA2-08EE-4063-B59D-C84DBACFAAB9}"
EndProject
Project("{FAE04EC0-301F-11D3-BF4B-00C04F79EFBC}") = "BankMock.Transactions.Core.Tests", "BankMock.Transactions.Core.Tests\BankMock.Transactions.Core.Tests.csproj", "{0ECC5905-70A1-4CFB-954F-53CF23B72008}"
EndProject
Project("{FAE04EC0-301F-11D3-BF4B-00C04F79EFBC}") = "BankMock.Bills.Core", "BankMock.Bills.Core\BankMock.Bills.Core.csproj", "{3AD868EF-1FBC-4944-AB90-0010B5E59B01}"
EndProject
Project("{FAE04EC0-301F-11D3-BF4B-00C04F79EFBC}") = "BankMock.Bills.Core.Tests", "BankMock.Bills.Core.Tests\BankMock.Bills.Core.Tests.csproj", "{15F269A1-D1E2-4F48-98CA-1DFCC6F95E5F}"
EndProject
Project("{FAE04EC0-301F-11D3-BF4B-00C04F79EFBC}") = "BankMock.Console", "BankMock.Console\BankMock.Console.csproj", "{FC640B55-A0F9-4643-9648-A8F82857274E}"
EndProject
Project("{FAE04EC0-301F-11D3-BF4B-00C04F79EFBC}") = "BankMock.Console.Core", "BankMock.Console.Core\BankMock.Console.Core.csproj", "{F9331612-77F8-4022-9B5E-34AB7E099BA3}"
EndProject
Project("{FAE04EC0-301F-11D3-BF4B-00C04F79EFBC}") = "BankMock.Console.Core.Tests", "BankMock.Console.Core.Tests\BankMock.Console.Core.Tests.csproj", "{C489A457-ADCC-4D65-8B81-C9EAD18DB36D}"
EndProject
Global
	GlobalSection(SolutionConfigurationPlatforms) = preSolution
		Debug|Any CPU = Debug|Any CPU
		Release|Any CPU = Release|Any CPU
	EndGlobalSection
	GlobalSection(ProjectConfigurationPlatforms) = postSolution
		{2F767CB4-9BAC-4489-AB7C-FFD39ED082CF}.Debug|Any CPU.ActiveCfg = Debug|Any CPU
		{2F767CB4-9BAC-4489-AB7C-FFD39ED082CF}.Debug|Any CPU.Build.0 = Debug|Any CPU
		{2F767CB4-9BAC-4489-AB7C-FFD39ED082CF}.Release|Any CPU.ActiveCfg = Release|Any CPU
		{2F767CB4-9BAC-4489-AB7C-FFD39ED082CF}.Release|Any CPU.Build.0 = Release|Any CPU
		{A6C2CB51-E8BC-441D-BE36-B54A73629A81}.Debug|Any CPU.ActiveCfg = Debug|Any CPU
		{A6C2CB51-E8BC-441D-BE36-B54A73629A81}.Debug|Any CPU.Build.0 = Debug|Any CPU
		{A6C2CB51-E8BC-441D-BE36-B54A73629A81}.Release|Any CPU.ActiveCfg = Release|Any CPU
		{A6C2CB51-E8BC-441D-BE36-B54A73629A81}.Release|Any CPU.Build.0 = Release|Any CPU
		{AB713129-0713-4E7E-8046-2177BF9775B7}.Debug|Any CPU.ActiveCfg = Debug|Any CPU
		{AB713129-0713-4E7E-8046-2177BF9775B7}.Debug|Any CPU.Build.0 = Debug|Any CPU
		{AB713129-0713-4E7E-8046-2177BF9775B7}.Release|Any CPU.ActiveCfg = Release|Any CPU
		{AB713129-0713-4E7E-8046-2177BF9775B7}.Release|Any CPU.Build.0 = Release|Any CPU
		{B6911F87-9F27-4250-9090-AD71618CD183}.Debug|Any CPU.ActiveCfg = Debug|Any CPU
		{B6911F87-9F27-4250-9090-AD71618CD183}.Debug|Any CPU.Build.0 = Debug|Any CPU
		{B6911F87-9F27-4250-9090-AD71618CD183}.Release|Any CPU.ActiveCfg = Release|Any CPU
		{B6911F87-9F27-4250-9090-AD71618CD183}.Release|Any CPU.Build.0 = Release|Any CPU
		{31F9251C-94D9-4E51-88FC-D7F4F87B8816}.Debug|Any CPU.ActiveCfg = Debug|Any CPU
		{31F9251C-94D9-4E51-88FC-D7F4F87B8816}.Debug|Any CPU.Build.0 = Debug|Any CPU
		{31F9251C-94D9-4E51-88FC-D7F4F87B8816}.Release|Any CPU.ActiveCfg = Release|Any CPU
		{31F9251C-94D9-4E51-88FC-D7F4F87B8816}.Release|Any CPU.Build.0 = Release|Any CPU
		{2D0E7EEA-77F0-46F6-A929-995A923A02CF}.Debug|Any CPU.ActiveCfg = Debug|Any CPU
		{2D0E7EEA-77F0-46F6-A929-995A923A02CF}.Debug|Any CPU.Build.0 = Debug|Any CPU
		{2D0E7EEA-77F0-46F6-A929-995A923A02CF}.Release|Any CPU.ActiveCfg = Release|Any CPU
		{2D0E7EEA-77F0-46F6-A929-995A923A02CF}.Release|Any CPU.Build.0 = Release|Any CPU
		{89E6DEA2-08EE-4063-B59D-C84DBACFAAB9}.Debug|Any CPU.ActiveCfg = Debug|Any CPU
		{89E6DEA2-08EE-4063-B59D-C84DBACFAAB9}.Debug|Any CPU.Build.0 = Debug|Any CPU
		{89E6DEA2-08EE-4063-B59D-C84DBACFAAB9}.Release|Any CPU.ActiveCfg = Release|Any CPU
		{89E6DEA2-08EE-4063-B59D-C84DBACFAAB9}.Release|Any CPU.Build.0 = Release|Any CPU
		{0ECC5905-70A1-4CFB-954F-53CF23B72008}.Debug|Any CPU.ActiveCfg = Debug|Any CPU
		{0ECC5905-70A1-4CFB-954F-53CF23B72008}.Debug|Any CPU.Build.0 = Debug|Any CPU
		{0ECC5905-70A1-4CFB-954F-53CF23B72008}.Release|Any CPU.ActiveCfg = Release|Any CPU
		{0ECC5905-70A1-4CFB-954F-53CF23B72008}.Release|Any CPU.Build.0 = Release|Any CPU
		{3AD868EF-1FBC-4944-AB90-0010B5E59B01}.Debug|Any CPU.ActiveCfg = Debug|Any CPU
		{3AD868EF-1FBC-4944-AB90-0010B5E59B01}.Debug|Any CPU.Build.0 = Debug|Any CPU
		{3AD868EF-1FBC-4944-AB90-0010B5E59B01}.Release|Any CPU.ActiveCfg = Release|Any CPU
		{3AD868EF-1FBC-4944-AB90-0010B5E59B01}.Release|Any CPU.Build.0 = Release|Any CPU
		{15F269A1-D1E2-4F48-98CA-1DFCC6F95E5F}.Debug|Any CPU.ActiveCfg = Debug|Any CPU
		{15F269A1-D1E2-4F48-98CA-1DFCC6F95E5F}.Debug|Any CPU.Build.0 = Debug|Any CPU
		{15F269A1-D1E2-4F48-98CA-1DFCC6F95E5F}.Release|Any CPU.ActiveCfg = Release|Any CPU
		{15F269A1-D1E2-4F48-98CA-1DFCC6F95E5F}.Release|Any CPU.Build.0 = Release|Any CPU
		{FC640B55-A0F9-4643-9648-A8F82857274E}.Debug|Any CPU.ActiveCfg = Debug|Any CPU
		{FC640B55-A0F9-4643-9648-A8F82857274E}.Debug|Any CPU.Build.0 = Debug|Any CPU
		{FC640B55-A0F9-4643-9648-A8F82857274E}.Release|Any CPU.ActiveCfg = Release|Any CPU
		{FC640B55-A0F9-4643-9648-A8F82857274E}.Release|Any CPU.Build.0 = Release|Any CPU
		{F9331612-77F8-4022-9B5E-34AB7E099BA3}.Debug|Any CPU.ActiveCfg = Debug|Any CPU
		{F9331612-77F8-4022-9B5E-34AB7E099BA3}.Debug|Any CPU.Build.0 = Debug|Any CPU
		{F9331612-77F8-4022-9B5E-34AB7E099BA3}.Release|Any CPU.ActiveCfg = Release|Any CPU
		{F9331612-77F8-4022-9B5E-34AB7E099BA3}.Release|Any CPU.Build.0 = Release|Any CPU
		{C489A457-ADCC-4D65-8B81-C9EAD18DB36D}.Debug|Any CPU.ActiveCfg = Debug|Any CPU
		{C489A457-ADCC-4D65-8B81-C9EAD18DB36D}.Debug|Any CPU.Build.0 = Debug|Any CPU
		{C489A457-ADCC-4D65-8B81-C9EAD18DB36D}.Release|Any CPU.ActiveCfg = Release|Any CPU
		{C489A457-ADCC-4D65-8B81-C9EAD18DB36D}.Release|Any CPU.Build.0 = Release|Any CPU
	EndGlobalSection
	GlobalSection(SolutionProperties) = preSolution
		HideSolutionNode = FALSE
	EndGlobalSection
	GlobalSection(ExtensibilityGlobals) = postSolution
		SolutionGuid = {487D81D6-6472-43C3-A690-F6B256C1912D}
	EndGlobalSection
EndGlobal
